
Microsoft Visual Studio Solution File, Format Version 12.00
# Visual Studio Version 17
VisualStudioVersion = 17.10.35013.160
MinimumVisualStudioVersion = 10.0.40219.1
Project("{FAE04EC0-301F-11D3-BF4B-00C04F79EFBC}") = "Palestras.API", "Palestras.API\Palestras.API.csproj", "{BD603FF4-3538-425B-8F51-24A34E3BC509}"
EndProject
Global
	GlobalSection(SolutionConfigurationPlatforms) = preSolution
		Debug|Any CPU = Debug|Any CPU
		Release|Any CPU = Release|Any CPU
	EndGlobalSection
	GlobalSection(ProjectConfigurationPlatforms) = postSolution
		{BD603FF4-3538-425B-8F51-24A34E3BC509}.Debug|Any CPU.ActiveCfg = Debug|Any CPU
		{BD603FF4-3538-425B-8F51-24A34E3BC509}.Debug|Any CPU.Build.0 = Debug|Any CPU
		{BD603FF4-3538-425B-8F51-24A34E3BC509}.Release|Any CPU.ActiveCfg = Release|Any CPU
		{BD603FF4-3538-425B-8F51-24A34E3BC509}.Release|Any CPU.Build.0 = Release|Any CPU
	EndGlobalSection
	GlobalSection(SolutionProperties) = preSolution
		HideSolutionNode = FALSE
	EndGlobalSection
	GlobalSection(ExtensibilityGlobals) = postSolution
		SolutionGuid = {25F12BCA-D19B-4F26-BB95-13FCD864FFEC}
	EndGlobalSection
EndGlobal
